{
  "name": "@lingotorte/storage",
  "version": "0.0.0-p1",
  "lockfileVersion": 3,
  "requires": true,
  "packages": {
    "": {
      "name": "@lingotorte/storage",
      "version": "0.0.0-p1",
      "dependencies": {
        "@lingotorte/domain": "file:../domain"
      }
    },
    "../domain": {
      "name": "@lingotorte/domain",
      "version": "0.0.0-p1"
    },
    "node_modules/@lingotorte/domain": {
      "resolved": "../domain",
      "link": true
    }
  }
}
